{
  "name": "dapp-sign",
  "version": "1.0.0",
  "lockfileVersion": 1,
  "requires": true,
  "dependencies": {
    "bignumber.js": {
      "version": "git+https://github.com/frozeman/bignumber.js-nolookahead.git#57692b3ecfc98bbdd6b3a516cb2353652ea49934"
    },
    "bindings": {
      "version": "1.3.0",
      "resolved": "http://registry.npm.taobao.org/bindings/download/bindings-1.3.0.tgz",
      "integrity": "sha1-s0b27PapX1qBXFg5/HzbIlAvHtc="
    },
    "bip66": {
      "version": "1.1.5",
      "resolved": "http://registry.npm.taobao.org/bip66/download/bip66-1.1.5.tgz",
      "integrity": "sha1-AfqHSHhcpwlV1QESF9GzE5lpyiI=",
      "requires": {
        "safe-buffer": "5.1.2"
      }
    },
    "bn.js": {
      "version": "4.11.6",
      "resolved": "http://registry.npm.taobao.org/bn.js/download/bn.js-4.11.6.tgz",
      "integrity": "sha1-UzRK2xRhehP26N0s4okF0cC6MhU="
    },
    "brorand": {
      "version": "1.1.0",
      "resolved": "http://registry.npm.taobao.org/brorand/download/brorand-1.1.0.tgz",
      "integrity": "sha1-EsJe/kCkXjwyPrhnWgoM5XsiNx8="
    },
    "browserify-aes": {
      "version": "1.2.0",
      "resolved": "http://registry.npm.taobao.org/browserify-aes/download/browserify-aes-1.2.0.tgz",
      "integrity": "sha1-Mmc0ZC9APavDADIJhTu3CtQo70g=",
      "requires": {
        "buffer-xor": "1.0.3",
        "cipher-base": "1.0.4",
        "create-hash": "1.2.0",
        "evp_bytestokey": "1.0.3",
        "inherits": "2.0.3",
        "safe-buffer": "5.1.2"
      }
    },
    "buffer-xor": {
      "version": "1.0.3",
      "resolved": "http://registry.npm.taobao.org/buffer-xor/download/buffer-xor-1.0.3.tgz",
      "integrity": "sha1-JuYe0UIvtw3ULm42cp7VHYVf6Nk="
    },
    "cipher-base": {
      "version": "1.0.4",
      "resolved": "http://registry.npm.taobao.org/cipher-base/download/cipher-base-1.0.4.tgz",
      "integrity": "sha1-h2Dk7MJy9MNjUy+SbYdKriwTl94=",
      "requires": {
        "inherits": "2.0.3",
        "safe-buffer": "5.1.2"
      }
    },
    "cookiejar": {
      "version": "2.1.2",
      "resolved": "http://registry.npm.taobao.org/cookiejar/download/cookiejar-2.1.2.tgz",
      "integrity": "sha1-3YojVTB1L5iPmghE8/xYnjERElw="
    },
    "create-hash": {
      "version": "1.2.0",
      "resolved": "http://registry.npm.taobao.org/create-hash/download/create-hash-1.2.0.tgz",
      "integrity": "sha1-iJB4rxGmN1a8+1m9IhmWvjqe8ZY=",
      "requires": {
        "cipher-base": "1.0.4",
        "inherits": "2.0.3",
        "md5.js": "1.3.4",
        "ripemd160": "2.0.2",
        "sha.js": "2.4.11"
      }
    },
    "create-hmac": {
      "version": "1.1.7",
      "resolved": "http://registry.npm.taobao.org/create-hmac/download/create-hmac-1.1.7.tgz",
      "integrity": "sha1-aRcMeLOrlXFHsriwRXLkfq0iQ/8=",
      "requires": {
        "cipher-base": "1.0.4",
        "create-hash": "1.2.0",
        "inherits": "2.0.3",
        "ripemd160": "2.0.2",
        "safe-buffer": "5.1.2",
        "sha.js": "2.4.11"
      }
    },
    "crypto-js": {
      "version": "3.1.8",
      "resolved": "http://registry.npm.taobao.org/crypto-js/download/crypto-js-3.1.8.tgz",
      "integrity": "sha1-cV8HC/YBTyrpkqmLOSkli3E/CNU="
    },
    "drbg.js": {
      "version": "1.0.1",
      "resolved": "http://registry.npm.taobao.org/drbg.js/download/drbg.js-1.0.1.tgz",
      "integrity": "sha1-Pja2xCs3BDgjzbwzLVjzHiRFSAs=",
      "requires": {
        "browserify-aes": "1.2.0",
        "create-hash": "1.2.0",
        "create-hmac": "1.1.7"
      }
    },
    "elliptic": {
      "version": "6.4.1",
      "resolved": "http://registry.npm.taobao.org/elliptic/download/elliptic-6.4.1.tgz",
      "integrity": "sha1-wtC3d2kRuGcixjLDwGxg8vgZk5o=",
      "requires": {
        "bn.js": "4.11.6",
        "brorand": "1.1.0",
        "hash.js": "1.1.5",
        "hmac-drbg": "1.0.1",
        "inherits": "2.0.3",
        "minimalistic-assert": "1.0.1",
        "minimalistic-crypto-utils": "1.0.1"
      }
    },
    "ethjs-abi": {
      "version": "0.1.8",
      "resolved": "http://registry.npm.taobao.org/ethjs-abi/download/ethjs-abi-0.1.8.tgz",
      "integrity": "sha1-zSiFg+1ijN+tr4re+juh28vKbBg=",
      "requires": {
        "bn.js": "4.11.6",
        "js-sha3": "0.5.5",
        "number-to-bn": "1.7.0"
      },
      "dependencies": {
        "js-sha3": {
          "version": "0.5.5",
          "resolved": "http://registry.npm.taobao.org/js-sha3/download/js-sha3-0.5.5.tgz",
          "integrity": "sha1-uvDA6MVK1ZA0R9+Wreekobynmko="
        }
      }
    },
    "evp_bytestokey": {
      "version": "1.0.3",
      "resolved": "http://registry.npm.taobao.org/evp_bytestokey/download/evp_bytestokey-1.0.3.tgz",
      "integrity": "sha1-f8vbGY3HGVlDLv4ThCaE4FJaywI=",
      "requires": {
        "md5.js": "1.3.4",
        "safe-buffer": "5.1.2"
      }
    },
    "hash-base": {
      "version": "3.0.4",
      "resolved": "http://registry.npm.taobao.org/hash-base/download/hash-base-3.0.4.tgz",
      "integrity": "sha1-X8hoaEfs1zSZQDMZprCj8/auSRg=",
      "requires": {
        "inherits": "2.0.3",
        "safe-buffer": "5.1.2"
      }
    },
    "hash.js": {
      "version": "1.1.5",
      "resolved": "http://registry.npm.taobao.org/hash.js/download/hash.js-1.1.5.tgz",
      "integrity": "sha1-44q0uF37HgxA/pJlwOm1SFTCOBI=",
      "requires": {
        "inherits": "2.0.3",
        "minimalistic-assert": "1.0.1"
      }
    },
    "hmac-drbg": {
      "version": "1.0.1",
      "resolved": "http://registry.npm.taobao.org/hmac-drbg/download/hmac-drbg-1.0.1.tgz",
      "integrity": "sha1-0nRXAQJabHdabFRXk+1QL8DGSaE=",
      "requires": {
        "hash.js": "1.1.5",
        "minimalistic-assert": "1.0.1",
        "minimalistic-crypto-utils": "1.0.1"
      }
    },
    "inherits": {
      "version": "2.0.3",
      "resolved": "http://registry.npm.taobao.org/inherits/download/inherits-2.0.3.tgz",
      "integrity": "sha1-Yzwsg+PaQqUC9SRmAiSA9CCCYd4="
    },
    "is-hex-prefixed": {
      "version": "1.0.0",
      "resolved": "http://registry.npm.taobao.org/is-hex-prefixed/download/is-hex-prefixed-1.0.0.tgz",
      "integrity": "sha1-fY035q135dEnFIkTxXPggtd39VQ="
    },
    "js-sha3": {
      "version": "0.8.0",
      "resolved": "http://registry.npm.taobao.org/js-sha3/download/js-sha3-0.8.0.tgz",
      "integrity": "sha1-ubel2nOvrX3t0PjEY5VMveaBiEA="
    },
    "md5.js": {
      "version": "1.3.4",
      "resolved": "http://registry.npm.taobao.org/md5.js/download/md5.js-1.3.4.tgz",
      "integrity": "sha1-6b296UogpawYsENA/Fdk1bCdkB0=",
      "requires": {
        "hash-base": "3.0.4",
        "inherits": "2.0.3"
      }
    },
    "minimalistic-assert": {
      "version": "1.0.1",
      "resolved": "http://registry.npm.taobao.org/minimalistic-assert/download/minimalistic-assert-1.0.1.tgz",
      "integrity": "sha1-LhlN4ERibUoQ5/f7wAznPoPk1cc="
    },
    "minimalistic-crypto-utils": {
      "version": "1.0.1",
      "resolved": "http://registry.npm.taobao.org/minimalistic-crypto-utils/download/minimalistic-crypto-utils-1.0.1.tgz",
      "integrity": "sha1-9sAMHAsIIkblxNmd+4x8CDsrWCo="
    },
    "nan": {
      "version": "2.11.0",
      "resolved": "http://registry.npm.taobao.org/nan/download/nan-2.11.0.tgz",
      "integrity": "sha1-V042Dk2VSrFpZuwQLAwEn9lhoJk="
    },
    "number-to-bn": {
      "version": "1.7.0",
      "resolved": "http://registry.npm.taobao.org/number-to-bn/download/number-to-bn-1.7.0.tgz",
      "integrity": "sha1-uzYjWS9+X54AMLGXe9QaDFP+HqA=",
      "requires": {
        "bn.js": "4.11.6",
        "strip-hex-prefix": "1.0.0"
      }
    },
    "ripemd160": {
      "version": "2.0.2",
      "resolved": "http://registry.npm.taobao.org/ripemd160/download/ripemd160-2.0.2.tgz",
      "integrity": "sha1-ocGm9iR1FXe6XQeRTLyShQWFiQw=",
      "requires": {
        "hash-base": "3.0.4",
        "inherits": "2.0.3"
      }
    },
    "safe-buffer": {
      "version": "5.1.2",
      "resolved": "http://registry.npm.taobao.org/safe-buffer/download/safe-buffer-5.1.2.tgz",
      "integrity": "sha1-mR7GnSluAxN0fVm9/St0XDX4go0="
    },
    "secp256k1": {
      "version": "3.5.2",
      "resolved": "http://registry.npm.taobao.org/secp256k1/download/secp256k1-3.5.2.tgz",
      "integrity": "sha1-+V+VIFcxByIYT+nJFOa3EoHy8q4=",
      "requires": {
        "bindings": "1.3.0",
        "bip66": "1.1.5",
        "bn.js": "4.11.6",
        "create-hash": "1.2.0",
        "drbg.js": "1.0.1",
        "elliptic": "6.4.1",
        "nan": "2.11.0",
        "safe-buffer": "5.1.2"
      }
    },
    "sha.js": {
      "version": "2.4.11",
      "resolved": "http://registry.npm.taobao.org/sha.js/download/sha.js-2.4.11.tgz",
      "integrity": "sha1-N6XPC4HsvGlD3hCbopYNGyZYSuc=",
      "requires": {
        "inherits": "2.0.3",
        "safe-buffer": "5.1.2"
      }
    },
    "strip-hex-prefix": {
      "version": "1.0.0",
      "resolved": "http://registry.npm.taobao.org/strip-hex-prefix/download/strip-hex-prefix-1.0.0.tgz",
      "integrity": "sha1-DF8VX+8RUTczd96du1iNoFUA428=",
      "requires": {
        "is-hex-prefixed": "1.0.0"
      }
    },
    "truffle-blockchain-utils": {
      "version": "0.0.3",
      "resolved": "http://registry.npm.taobao.org/truffle-blockchain-utils/download/truffle-blockchain-utils-0.0.3.tgz",
      "integrity": "sha1-rooRHsEk2WUE8OBCxvIFwLOBfik=",
      "requires": {
        "web3": "0.20.7"
      }
    },
    "truffle-contract": {
      "version": "2.0.5",
      "resolved": "http://registry.npm.taobao.org/truffle-contract/download/truffle-contract-2.0.5.tgz",
      "integrity": "sha1-M5TfkP+pJ9EGrjs2szxt6/kRdJE=",
      "requires": {
        "ethjs-abi": "0.1.8",
        "truffle-blockchain-utils": "0.0.3",
        "truffle-contract-schema": "0.0.5",
        "web3": "0.20.7"
      }
    },
    "truffle-contract-schema": {
      "version": "0.0.5",
      "resolved": "http://registry.npm.taobao.org/truffle-contract-schema/download/truffle-contract-schema-0.0.5.tgz",
      "integrity": "sha1-Xp0gvQvyon/pQxB0gknUhO7kmWE=",
      "requires": {
        "crypto-js": "3.1.9-1"
      },
      "dependencies": {
        "crypto-js": {
          "version": "3.1.9-1",
          "resolved": "http://registry.npm.taobao.org/crypto-js/download/crypto-js-3.1.9-1.tgz",
          "integrity": "sha1-/aGedh/Ad+Af+/3G6f38WeiAbNg="
        }
      }
    },
    "utf8": {
      "version": "2.1.2",
      "resolved": "http://registry.npm.taobao.org/utf8/download/utf8-2.1.2.tgz",
      "integrity": "sha1-H6DZJw6b6FDZsFAn9jUZv0ZFfZY="
    },
    "web3": {
      "version": "0.20.7",
      "resolved": "http://registry.npm.taobao.org/web3/download/web3-0.20.7.tgz",
      "integrity": "sha1-FgXm2BOZ7W+FpHGk89oMi+V98vc=",
      "requires": {
        "bignumber.js": "git+https://github.com/frozeman/bignumber.js-nolookahead.git#57692b3ecfc98bbdd6b3a516cb2353652ea49934",
        "crypto-js": "3.1.8",
        "utf8": "2.1.2",
        "xhr2-cookies": "1.1.0",
        "xmlhttprequest": "1.8.0"
      }
    },
    "xhr2-cookies": {
      "version": "1.1.0",
      "resolved": "http://registry.npm.taobao.org/xhr2-cookies/download/xhr2-cookies-1.1.0.tgz",
      "integrity": "sha1-fXdEnQmZGX8VXLc7I99yUF7YnUg=",
      "requires": {
        "cookiejar": "2.1.2"
      }
    },
    "xmlhttprequest": {
      "version": "1.8.0",
      "resolved": "http://registry.npm.taobao.org/xmlhttprequest/download/xmlhttprequest-1.8.0.tgz",
      "integrity": "sha1-Z/4HXFwk/vOfnWX197f+dRcZaPw="
    }
  }
}
